github.com/gaurav-mangat/dog v0.0.0-20240720142321-eabb501123b2 h1:B6dSmcO6FnLnGcMjZ28PnFuzFRzGGz8YnxiIfLIf41k=
github.com/gaurav-mangat/dog v0.0.0-20240720142321-eabb501123b2/go.mod h1:7OmqM3lyDZA/cSREbQzv+OPSMbpT0hczW30Hj88rbsE=
github.com/gaurav-mangat/puppy v0.0.0-20240720192230-41ae5d451607 h1:BIXGi2dzhzLN+ceN7cjvXJgblDm2gssBzCor8Xc3eF8=
github.com/gaurav-mangat/puppy v0.0.0-20240720192230-41ae5d451607/go.mod h1:TTbtkW32paRb5qOvqLsCFF1AIpEIhl7f57g5sgPXx0s=
